
Microsoft Visual Studio Solution File, Format Version 12.00
# Visual Studio Version 17
VisualStudioVersion = 17.1.32228.430
MinimumVisualStudioVersion = 10.0.40219.1
Project("{FAE04EC0-301F-11D3-BF4B-00C04F79EFBC}") = "ConsoleApp1", "ConsoleApp1\ConsoleApp1.csproj", "{46854AEE-B8CC-4E30-8C49-EC23E449715F}"
EndProject
Global
	GlobalSection(SolutionConfigurationPlatforms) = preSolution
		Debug|Any CPU = Debug|Any CPU
		Release|Any CPU = Release|Any CPU
	EndGlobalSection
	GlobalSection(ProjectConfigurationPlatforms) = postSolution
		{46854AEE-B8CC-4E30-8C49-EC23E449715F}.Debug|Any CPU.ActiveCfg = Debug|Any CPU
		{46854AEE-B8CC-4E30-8C49-EC23E449715F}.Debug|Any CPU.Build.0 = Debug|Any CPU
		{46854AEE-B8CC-4E30-8C49-EC23E449715F}.Release|Any CPU.ActiveCfg = Release|Any CPU
		{46854AEE-B8CC-4E30-8C49-EC23E449715F}.Release|Any CPU.Build.0 = Release|Any CPU
	EndGlobalSection
	GlobalSection(SolutionProperties) = preSolution
		HideSolutionNode = FALSE
	EndGlobalSection
	GlobalSection(ExtensibilityGlobals) = postSolution
		SolutionGuid = {C95D520D-0CA0-4BA9-A7D2-3E465B5FE817}
	EndGlobalSection
EndGlobal
